
Microsoft Visual Studio Solution File, Format Version 12.00
# Visual Studio 15
Project("{FAE04EC0-301F-11D3-BF4B-00C04F79EFBC}") = "Document.API", "Document.API\Document.API.csproj", "{1DD5042E-24F3-4E75-ACC5-A35F5131761B}"
EndProject
Project("{FAE04EC0-301F-11D3-BF4B-00C04F79EFBC}") = "Document.API.Shell", "Document.API.Shell\Document.API.Shell.csproj", "{9C1558FC-167E-4E54-95C2-833E55105A2A}"
EndProject
Global
	GlobalSection(SolutionConfigurationPlatforms) = preSolution
		Debug|Any CPU = Debug|Any CPU
		Release|Any CPU = Release|Any CPU
		Debug|iPhoneSimulator = Debug|iPhoneSimulator
		Release|iPhoneSimulator = Release|iPhoneSimulator
		Debug|iPhone = Debug|iPhone
		Release|iPhone = Release|iPhone
	EndGlobalSection
	GlobalSection(ProjectConfigurationPlatforms) = postSolution
		{1DD5042E-24F3-4E75-ACC5-A35F5131761B}.Debug|Any CPU.ActiveCfg = Debug|Any CPU
		{1DD5042E-24F3-4E75-ACC5-A35F5131761B}.Debug|Any CPU.Build.0 = Debug|Any CPU
		{1DD5042E-24F3-4E75-ACC5-A35F5131761B}.Release|Any CPU.ActiveCfg = Release|Any CPU
		{1DD5042E-24F3-4E75-ACC5-A35F5131761B}.Release|Any CPU.Build.0 = Release|Any CPU
		{1DD5042E-24F3-4E75-ACC5-A35F5131761B}.Debug|iPhoneSimulator.ActiveCfg = Debug|Any CPU
		{1DD5042E-24F3-4E75-ACC5-A35F5131761B}.Debug|iPhoneSimulator.Build.0 = Debug|Any CPU
		{1DD5042E-24F3-4E75-ACC5-A35F5131761B}.Release|iPhoneSimulator.ActiveCfg = Release|Any CPU
		{1DD5042E-24F3-4E75-ACC5-A35F5131761B}.Release|iPhoneSimulator.Build.0 = Release|Any CPU
		{1DD5042E-24F3-4E75-ACC5-A35F5131761B}.Debug|iPhone.ActiveCfg = Debug|Any CPU
		{1DD5042E-24F3-4E75-ACC5-A35F5131761B}.Debug|iPhone.Build.0 = Debug|Any CPU
		{1DD5042E-24F3-4E75-ACC5-A35F5131761B}.Release|iPhone.ActiveCfg = Release|Any CPU
		{1DD5042E-24F3-4E75-ACC5-A35F5131761B}.Release|iPhone.Build.0 = Release|Any CPU
		{9C1558FC-167E-4E54-95C2-833E55105A2A}.Debug|Any CPU.ActiveCfg = Debug|Any CPU
		{9C1558FC-167E-4E54-95C2-833E55105A2A}.Debug|Any CPU.Build.0 = Debug|Any CPU
		{9C1558FC-167E-4E54-95C2-833E55105A2A}.Release|Any CPU.ActiveCfg = Release|Any CPU
		{9C1558FC-167E-4E54-95C2-833E55105A2A}.Release|Any CPU.Build.0 = Release|Any CPU
		{9C1558FC-167E-4E54-95C2-833E55105A2A}.Debug|iPhoneSimulator.ActiveCfg = Debug|Any CPU
		{9C1558FC-167E-4E54-95C2-833E55105A2A}.Debug|iPhoneSimulator.Build.0 = Debug|Any CPU
		{9C1558FC-167E-4E54-95C2-833E55105A2A}.Release|iPhoneSimulator.ActiveCfg = Release|Any CPU
		{9C1558FC-167E-4E54-95C2-833E55105A2A}.Release|iPhoneSimulator.Build.0 = Release|Any CPU
		{9C1558FC-167E-4E54-95C2-833E55105A2A}.Debug|iPhone.ActiveCfg = Debug|Any CPU
		{9C1558FC-167E-4E54-95C2-833E55105A2A}.Debug|iPhone.Build.0 = Debug|Any CPU
		{9C1558FC-167E-4E54-95C2-833E55105A2A}.Release|iPhone.ActiveCfg = Release|Any CPU
		{9C1558FC-167E-4E54-95C2-833E55105A2A}.Release|iPhone.Build.0 = Release|Any CPU
	EndGlobalSection
EndGlobal
