
Microsoft Visual Studio Solution File, Format Version 12.00
# Visual Studio Version 16
VisualStudioVersion = 16.0.808.4
MinimumVisualStudioVersion = 10.0.40219.1
Project("{FAE04EC0-301F-11D3-BF4B-00C04F79EFBC}") = "Front.App", "App\Front.App.csproj", "{A7CFC528-DFCB-46CE-949E-1E7276445534}"
EndProject
Project("{FAE04EC0-301F-11D3-BF4B-00C04F79EFBC}") = "Front.Services", "Services\Front.Services.csproj", "{FFCF95FE-2D21-49D6-AF2A-3CD0B52975F8}"
EndProject
Project("{FAE04EC0-301F-11D3-BF4B-00C04F79EFBC}") = "SPA.Dev.Server", "SPA.Dev.Server\SPA.Dev.Server.csproj", "{C27E618B-A739-4F7C-B1CB-AB6AF4D1C54B}"
EndProject
Global
	GlobalSection(SolutionConfigurationPlatforms) = preSolution
		Debug|Any CPU = Debug|Any CPU
		Release|Any CPU = Release|Any CPU
	EndGlobalSection
	GlobalSection(ProjectConfigurationPlatforms) = postSolution
		{A7CFC528-DFCB-46CE-949E-1E7276445534}.Debug|Any CPU.ActiveCfg = Debug|Any CPU
		{A7CFC528-DFCB-46CE-949E-1E7276445534}.Debug|Any CPU.Build.0 = Debug|Any CPU
		{A7CFC528-DFCB-46CE-949E-1E7276445534}.Release|Any CPU.ActiveCfg = Release|Any CPU
		{A7CFC528-DFCB-46CE-949E-1E7276445534}.Release|Any CPU.Build.0 = Release|Any CPU
		{23360675-45BA-488E-81B3-BFC7229E3217}.Debug|Any CPU.ActiveCfg = Debug|Any CPU
		{23360675-45BA-488E-81B3-BFC7229E3217}.Debug|Any CPU.Build.0 = Debug|Any CPU
		{23360675-45BA-488E-81B3-BFC7229E3217}.Release|Any CPU.ActiveCfg = Release|Any CPU
		{23360675-45BA-488E-81B3-BFC7229E3217}.Release|Any CPU.Build.0 = Release|Any CPU
		{FFCF95FE-2D21-49D6-AF2A-3CD0B52975F8}.Debug|Any CPU.ActiveCfg = Debug|Any CPU
		{FFCF95FE-2D21-49D6-AF2A-3CD0B52975F8}.Debug|Any CPU.Build.0 = Debug|Any CPU
		{FFCF95FE-2D21-49D6-AF2A-3CD0B52975F8}.Release|Any CPU.ActiveCfg = Release|Any CPU
		{FFCF95FE-2D21-49D6-AF2A-3CD0B52975F8}.Release|Any CPU.Build.0 = Release|Any CPU
		{C27E618B-A739-4F7C-B1CB-AB6AF4D1C54B}.Debug|Any CPU.ActiveCfg = Debug|Any CPU
		{C27E618B-A739-4F7C-B1CB-AB6AF4D1C54B}.Debug|Any CPU.Build.0 = Debug|Any CPU
		{C27E618B-A739-4F7C-B1CB-AB6AF4D1C54B}.Release|Any CPU.ActiveCfg = Release|Any CPU
		{C27E618B-A739-4F7C-B1CB-AB6AF4D1C54B}.Release|Any CPU.Build.0 = Release|Any CPU
	EndGlobalSection
	GlobalSection(SolutionProperties) = preSolution
		HideSolutionNode = FALSE
	EndGlobalSection
	GlobalSection(ExtensibilityGlobals) = postSolution
		SolutionGuid = {54C5E107-67EB-4E65-9CC6-286191A6D8B6}
	EndGlobalSection
EndGlobal
